{
    "symfony/form": {
        "version": "v5.0.11"
    },
    "symfony/inflector": {
        "version": "v5.0.11"
    },
    "symfony/intl": {
        "version": "v5.0.11"
    },
    "symfony/mime": {
        "version": "v5.0.11"
    },
    "symfony/polyfill-intl-icu": {
        "version": "v1.23.0"
    }
}
